
Microsoft Visual Studio Solution File, Format Version 12.00
# Visual Studio 2013
VisualStudioVersion = 12.0.31101.0
MinimumVisualStudioVersion = 10.0.40219.1
Project("{FAE04EC0-301F-11D3-BF4B-00C04F79EFBC}") = "TicketCSS", "TicketCSS\TicketCSS.csproj", "{E0D83B6A-13F6-4197-9826-06769DADFD4E}"
EndProject
Project("{FAE04EC0-301F-11D3-BF4B-00C04F79EFBC}") = "InternationalEmployees", "InternationalEmployees\InternationalEmployees.csproj", "{C505BCB5-0F20-4E5F-8CED-24005ED305BE}"
EndProject
Project("{FAE04EC0-301F-11D3-BF4B-00C04F79EFBC}") = "ForumPosts", "ForumPosts\ForumPosts.csproj", "{9E08F7C7-6763-42BD-A61B-EFE7D23FD4FF}"
EndProject
Global
	GlobalSection(SolutionConfigurationPlatforms) = preSolution
		Debug|Any CPU = Debug|Any CPU
		Release|Any CPU = Release|Any CPU
	EndGlobalSection
	GlobalSection(ProjectConfigurationPlatforms) = postSolution
		{E0D83B6A-13F6-4197-9826-06769DADFD4E}.Debug|Any CPU.ActiveCfg = Debug|Any CPU
		{E0D83B6A-13F6-4197-9826-06769DADFD4E}.Debug|Any CPU.Build.0 = Debug|Any CPU
		{E0D83B6A-13F6-4197-9826-06769DADFD4E}.Release|Any CPU.ActiveCfg = Release|Any CPU
		{E0D83B6A-13F6-4197-9826-06769DADFD4E}.Release|Any CPU.Build.0 = Release|Any CPU
		{C505BCB5-0F20-4E5F-8CED-24005ED305BE}.Debug|Any CPU.ActiveCfg = Debug|Any CPU
		{C505BCB5-0F20-4E5F-8CED-24005ED305BE}.Debug|Any CPU.Build.0 = Debug|Any CPU
		{C505BCB5-0F20-4E5F-8CED-24005ED305BE}.Release|Any CPU.ActiveCfg = Release|Any CPU
		{C505BCB5-0F20-4E5F-8CED-24005ED305BE}.Release|Any CPU.Build.0 = Release|Any CPU
		{9E08F7C7-6763-42BD-A61B-EFE7D23FD4FF}.Debug|Any CPU.ActiveCfg = Debug|Any CPU
		{9E08F7C7-6763-42BD-A61B-EFE7D23FD4FF}.Debug|Any CPU.Build.0 = Debug|Any CPU
		{9E08F7C7-6763-42BD-A61B-EFE7D23FD4FF}.Release|Any CPU.ActiveCfg = Release|Any CPU
		{9E08F7C7-6763-42BD-A61B-EFE7D23FD4FF}.Release|Any CPU.Build.0 = Release|Any CPU
	EndGlobalSection
	GlobalSection(SolutionProperties) = preSolution
		HideSolutionNode = FALSE
	EndGlobalSection
EndGlobal
