
Microsoft Visual Studio Solution File, Format Version 12.00
# Visual Studio 2013
VisualStudioVersion = 12.0.31101.0
MinimumVisualStudioVersion = 10.0.40219.1
Project("{FAE04EC0-301F-11D3-BF4B-00C04F79EFBC}") = "01.Runner", "01.Runner\01.Runner.csproj", "{C12DD0B2-4957-49C2-9C3D-6C3F77CF3266}"
EndProject
Project("{FAE04EC0-301F-11D3-BF4B-00C04F79EFBC}") = "02.Lists", "02.Lists\02.Lists.csproj", "{593572B5-2CE1-4395-9C74-2BEE22488D9D}"
EndProject
Project("{FAE04EC0-301F-11D3-BF4B-00C04F79EFBC}") = "03.UserProfile", "03.UserProfile\03.UserProfile.csproj", "{DD9F99CB-7276-4473-A0CD-EDE1AABE56B9}"
EndProject
Global
	GlobalSection(SolutionConfigurationPlatforms) = preSolution
		Debug|Any CPU = Debug|Any CPU
		Release|Any CPU = Release|Any CPU
	EndGlobalSection
	GlobalSection(ProjectConfigurationPlatforms) = postSolution
		{C12DD0B2-4957-49C2-9C3D-6C3F77CF3266}.Debug|Any CPU.ActiveCfg = Debug|Any CPU
		{C12DD0B2-4957-49C2-9C3D-6C3F77CF3266}.Debug|Any CPU.Build.0 = Debug|Any CPU
		{C12DD0B2-4957-49C2-9C3D-6C3F77CF3266}.Release|Any CPU.ActiveCfg = Release|Any CPU
		{C12DD0B2-4957-49C2-9C3D-6C3F77CF3266}.Release|Any CPU.Build.0 = Release|Any CPU
		{593572B5-2CE1-4395-9C74-2BEE22488D9D}.Debug|Any CPU.ActiveCfg = Debug|Any CPU
		{593572B5-2CE1-4395-9C74-2BEE22488D9D}.Debug|Any CPU.Build.0 = Debug|Any CPU
		{593572B5-2CE1-4395-9C74-2BEE22488D9D}.Release|Any CPU.ActiveCfg = Release|Any CPU
		{593572B5-2CE1-4395-9C74-2BEE22488D9D}.Release|Any CPU.Build.0 = Release|Any CPU
		{DD9F99CB-7276-4473-A0CD-EDE1AABE56B9}.Debug|Any CPU.ActiveCfg = Debug|Any CPU
		{DD9F99CB-7276-4473-A0CD-EDE1AABE56B9}.Debug|Any CPU.Build.0 = Debug|Any CPU
		{DD9F99CB-7276-4473-A0CD-EDE1AABE56B9}.Release|Any CPU.ActiveCfg = Release|Any CPU
		{DD9F99CB-7276-4473-A0CD-EDE1AABE56B9}.Release|Any CPU.Build.0 = Release|Any CPU
	EndGlobalSection
	GlobalSection(SolutionProperties) = preSolution
		HideSolutionNode = FALSE
	EndGlobalSection
EndGlobal
