
Microsoft Visual Studio Solution File, Format Version 12.00
# Visual Studio 2013
VisualStudioVersion = 12.0.31101.0
MinimumVisualStudioVersion = 10.0.40219.1
Project("{FAE04EC0-301F-11D3-BF4B-00C04F79EFBC}") = "FruitsTable", "FruitsTable\FruitsTable.csproj", "{EE56AC3C-B805-47FA-92F7-876AD6374F82}"
EndProject
Project("{FAE04EC0-301F-11D3-BF4B-00C04F79EFBC}") = "Form", "Form\Form.csproj", "{C1103658-3CF2-4D09-894C-BEC866879D8B}"
EndProject
Project("{FAE04EC0-301F-11D3-BF4B-00C04F79EFBC}") = "Calculator", "Calculator\Calculator.csproj", "{C93D7E6C-3278-4A14-BBE1-E152025DFBAE}"
EndProject
Project("{FAE04EC0-301F-11D3-BF4B-00C04F79EFBC}") = "Tranning", "Tranning\Tranning.csproj", "{ECF9DBFE-02A8-48FD-A2F1-46989399B90D}"
EndProject
Global
	GlobalSection(SolutionConfigurationPlatforms) = preSolution
		Debug|Any CPU = Debug|Any CPU
		Release|Any CPU = Release|Any CPU
	EndGlobalSection
	GlobalSection(ProjectConfigurationPlatforms) = postSolution
		{EE56AC3C-B805-47FA-92F7-876AD6374F82}.Debug|Any CPU.ActiveCfg = Debug|Any CPU
		{EE56AC3C-B805-47FA-92F7-876AD6374F82}.Debug|Any CPU.Build.0 = Debug|Any CPU
		{EE56AC3C-B805-47FA-92F7-876AD6374F82}.Release|Any CPU.ActiveCfg = Release|Any CPU
		{EE56AC3C-B805-47FA-92F7-876AD6374F82}.Release|Any CPU.Build.0 = Release|Any CPU
		{C1103658-3CF2-4D09-894C-BEC866879D8B}.Debug|Any CPU.ActiveCfg = Debug|Any CPU
		{C1103658-3CF2-4D09-894C-BEC866879D8B}.Debug|Any CPU.Build.0 = Debug|Any CPU
		{C1103658-3CF2-4D09-894C-BEC866879D8B}.Release|Any CPU.ActiveCfg = Release|Any CPU
		{C1103658-3CF2-4D09-894C-BEC866879D8B}.Release|Any CPU.Build.0 = Release|Any CPU
		{C93D7E6C-3278-4A14-BBE1-E152025DFBAE}.Debug|Any CPU.ActiveCfg = Debug|Any CPU
		{C93D7E6C-3278-4A14-BBE1-E152025DFBAE}.Debug|Any CPU.Build.0 = Debug|Any CPU
		{C93D7E6C-3278-4A14-BBE1-E152025DFBAE}.Release|Any CPU.ActiveCfg = Release|Any CPU
		{C93D7E6C-3278-4A14-BBE1-E152025DFBAE}.Release|Any CPU.Build.0 = Release|Any CPU
		{ECF9DBFE-02A8-48FD-A2F1-46989399B90D}.Debug|Any CPU.ActiveCfg = Debug|Any CPU
		{ECF9DBFE-02A8-48FD-A2F1-46989399B90D}.Debug|Any CPU.Build.0 = Debug|Any CPU
		{ECF9DBFE-02A8-48FD-A2F1-46989399B90D}.Release|Any CPU.ActiveCfg = Release|Any CPU
		{ECF9DBFE-02A8-48FD-A2F1-46989399B90D}.Release|Any CPU.Build.0 = Release|Any CPU
	EndGlobalSection
	GlobalSection(SolutionProperties) = preSolution
		HideSolutionNode = FALSE
	EndGlobalSection
EndGlobal
