
Microsoft Visual Studio Solution File, Format Version 12.00
# Visual Studio 2013
VisualStudioVersion = 12.0.31101.0
MinimumVisualStudioVersion = 10.0.40219.1
Project("{FAE04EC0-301F-11D3-BF4B-00C04F79EFBC}") = "01.RegistrationForm", "01.RegistrationForm\01.RegistrationForm.csproj", "{C32C6F48-938C-4F16-9E53-E6E44FBA77EC}"
EndProject
Project("{FAE04EC0-301F-11D3-BF4B-00C04F79EFBC}") = "02.UniversityGrid", "02.UniversityGrid\02.UniversityGrid.csproj", "{A79128FB-6E8F-498D-8437-2078E008AFA8}"
EndProject
Project("{FAE04EC0-301F-11D3-BF4B-00C04F79EFBC}") = "03.NotebookStore", "03.NotebookStore\03.NotebookStore.csproj", "{90EC1C37-22EB-4E33-90ED-82C660127036}"
EndProject
Project("{FAE04EC0-301F-11D3-BF4B-00C04F79EFBC}") = "04.GridComponent", "04.GridComponent\04.GridComponent.csproj", "{808A0F55-C830-4116-B716-F8BD634DA957}"
EndProject
Project("{FAE04EC0-301F-11D3-BF4B-00C04F79EFBC}") = "Tranning", "Tranning\Tranning.csproj", "{E16DD37E-FCF9-48E4-A5E0-676F1695BB98}"
EndProject
Global
	GlobalSection(SolutionConfigurationPlatforms) = preSolution
		Debug|Any CPU = Debug|Any CPU
		Release|Any CPU = Release|Any CPU
	EndGlobalSection
	GlobalSection(ProjectConfigurationPlatforms) = postSolution
		{C32C6F48-938C-4F16-9E53-E6E44FBA77EC}.Debug|Any CPU.ActiveCfg = Debug|Any CPU
		{C32C6F48-938C-4F16-9E53-E6E44FBA77EC}.Debug|Any CPU.Build.0 = Debug|Any CPU
		{C32C6F48-938C-4F16-9E53-E6E44FBA77EC}.Release|Any CPU.ActiveCfg = Release|Any CPU
		{C32C6F48-938C-4F16-9E53-E6E44FBA77EC}.Release|Any CPU.Build.0 = Release|Any CPU
		{A79128FB-6E8F-498D-8437-2078E008AFA8}.Debug|Any CPU.ActiveCfg = Debug|Any CPU
		{A79128FB-6E8F-498D-8437-2078E008AFA8}.Debug|Any CPU.Build.0 = Debug|Any CPU
		{A79128FB-6E8F-498D-8437-2078E008AFA8}.Release|Any CPU.ActiveCfg = Release|Any CPU
		{A79128FB-6E8F-498D-8437-2078E008AFA8}.Release|Any CPU.Build.0 = Release|Any CPU
		{90EC1C37-22EB-4E33-90ED-82C660127036}.Debug|Any CPU.ActiveCfg = Debug|Any CPU
		{90EC1C37-22EB-4E33-90ED-82C660127036}.Debug|Any CPU.Build.0 = Debug|Any CPU
		{90EC1C37-22EB-4E33-90ED-82C660127036}.Release|Any CPU.ActiveCfg = Release|Any CPU
		{90EC1C37-22EB-4E33-90ED-82C660127036}.Release|Any CPU.Build.0 = Release|Any CPU
		{808A0F55-C830-4116-B716-F8BD634DA957}.Debug|Any CPU.ActiveCfg = Debug|Any CPU
		{808A0F55-C830-4116-B716-F8BD634DA957}.Debug|Any CPU.Build.0 = Debug|Any CPU
		{808A0F55-C830-4116-B716-F8BD634DA957}.Release|Any CPU.ActiveCfg = Release|Any CPU
		{808A0F55-C830-4116-B716-F8BD634DA957}.Release|Any CPU.Build.0 = Release|Any CPU
		{E16DD37E-FCF9-48E4-A5E0-676F1695BB98}.Debug|Any CPU.ActiveCfg = Debug|Any CPU
		{E16DD37E-FCF9-48E4-A5E0-676F1695BB98}.Debug|Any CPU.Build.0 = Debug|Any CPU
		{E16DD37E-FCF9-48E4-A5E0-676F1695BB98}.Release|Any CPU.ActiveCfg = Release|Any CPU
		{E16DD37E-FCF9-48E4-A5E0-676F1695BB98}.Release|Any CPU.Build.0 = Release|Any CPU
	EndGlobalSection
	GlobalSection(SolutionProperties) = preSolution
		HideSolutionNode = FALSE
	EndGlobalSection
EndGlobal
